
Microsoft Visual Studio Solution File, Format Version 12.00
# Visual Studio Version 17
VisualStudioVersion = 17.7.34202.233
MinimumVisualStudioVersion = 10.0.40219.1
Project("{FAE04EC0-301F-11D3-BF4B-00C04F79EFBC}") = "WinForm_.Net_NeuralNetwork", "WinForm_.Net_NeuralNetwork\WinForm_.Net_NeuralNetwork.csproj", "{FF61B9C4-7B80-4169-8BC2-3AE6A81183E7}"
EndProject
Global
	GlobalSection(SolutionConfigurationPlatforms) = preSolution
		Debug|Any CPU = Debug|Any CPU
		Release|Any CPU = Release|Any CPU
	EndGlobalSection
	GlobalSection(ProjectConfigurationPlatforms) = postSolution
		{FF61B9C4-7B80-4169-8BC2-3AE6A81183E7}.Debug|Any CPU.ActiveCfg = Debug|Any CPU
		{FF61B9C4-7B80-4169-8BC2-3AE6A81183E7}.Debug|Any CPU.Build.0 = Debug|Any CPU
		{FF61B9C4-7B80-4169-8BC2-3AE6A81183E7}.Release|Any CPU.ActiveCfg = Release|Any CPU
		{FF61B9C4-7B80-4169-8BC2-3AE6A81183E7}.Release|Any CPU.Build.0 = Release|Any CPU
	EndGlobalSection
	GlobalSection(SolutionProperties) = preSolution
		HideSolutionNode = FALSE
	EndGlobalSection
	GlobalSection(ExtensibilityGlobals) = postSolution
		SolutionGuid = {044CAA27-84D3-472C-8EA5-E4CC8DCCC7C6}
	EndGlobalSection
EndGlobal
